
Microsoft Visual Studio Solution File, Format Version 12.00
# Visual Studio Version 17
VisualStudioVersion = 17.8.34322.80
MinimumVisualStudioVersion = 10.0.40219.1
Project("{9A19103F-16F7-4668-BE54-9A1E7A4F7556}") = "KeyGen.lib", "KeyGen.lib\KeyGen.lib.csproj", "{B15C7C36-DF8A-49BB-A128-EAD1AE7CDFDB}"
EndProject
Project("{9A19103F-16F7-4668-BE54-9A1E7A4F7556}") = "KeyGen.tests", "KeyGen.tests\KeyGen.tests.csproj", "{C94336FA-4160-4167-BCED-A173236C14E8}"
EndProject
Project("{FAE04EC0-301F-11D3-BF4B-00C04F79EFBC}") = "KeyGen", "KeyGen\KeyGen.csproj", "{0270F246-929E-4840-9F39-9CBAD0252A4F}"
EndProject
Global
	GlobalSection(SolutionConfigurationPlatforms) = preSolution
		Debug|Any CPU = Debug|Any CPU
		Release|Any CPU = Release|Any CPU
	EndGlobalSection
	GlobalSection(ProjectConfigurationPlatforms) = postSolution
		{B15C7C36-DF8A-49BB-A128-EAD1AE7CDFDB}.Debug|Any CPU.ActiveCfg = Debug|Any CPU
		{B15C7C36-DF8A-49BB-A128-EAD1AE7CDFDB}.Debug|Any CPU.Build.0 = Debug|Any CPU
		{B15C7C36-DF8A-49BB-A128-EAD1AE7CDFDB}.Release|Any CPU.ActiveCfg = Release|Any CPU
		{B15C7C36-DF8A-49BB-A128-EAD1AE7CDFDB}.Release|Any CPU.Build.0 = Release|Any CPU
		{C94336FA-4160-4167-BCED-A173236C14E8}.Debug|Any CPU.ActiveCfg = Debug|Any CPU
		{C94336FA-4160-4167-BCED-A173236C14E8}.Debug|Any CPU.Build.0 = Debug|Any CPU
		{C94336FA-4160-4167-BCED-A173236C14E8}.Release|Any CPU.ActiveCfg = Release|Any CPU
		{C94336FA-4160-4167-BCED-A173236C14E8}.Release|Any CPU.Build.0 = Release|Any CPU
		{0270F246-929E-4840-9F39-9CBAD0252A4F}.Debug|Any CPU.ActiveCfg = Debug|Any CPU
		{0270F246-929E-4840-9F39-9CBAD0252A4F}.Debug|Any CPU.Build.0 = Debug|Any CPU
		{0270F246-929E-4840-9F39-9CBAD0252A4F}.Release|Any CPU.ActiveCfg = Release|Any CPU
		{0270F246-929E-4840-9F39-9CBAD0252A4F}.Release|Any CPU.Build.0 = Release|Any CPU
	EndGlobalSection
	GlobalSection(SolutionProperties) = preSolution
		HideSolutionNode = FALSE
	EndGlobalSection
	GlobalSection(ExtensibilityGlobals) = postSolution
		SolutionGuid = {CD4D4534-34FF-4401-BAEF-ECE015AD8249}
	EndGlobalSection
EndGlobal
